
Microsoft Visual Studio Solution File, Format Version 12.00
# Visual Studio Version 16
VisualStudioVersion = 16.0.810.23
MinimumVisualStudioVersion = 10.0.40219.1
Project("{FAE04EC0-301F-11D3-BF4B-00C04F79EFBC}") = "MVCMovie", "MVCMovie\MVCMovie.csproj", "{E968AD25-1FD6-46A8-81D0-6A825979FB8E}"
EndProject
Global
	GlobalSection(SolutionConfigurationPlatforms) = preSolution
		Debug|Any CPU = Debug|Any CPU
		Release|Any CPU = Release|Any CPU
	EndGlobalSection
	GlobalSection(ProjectConfigurationPlatforms) = postSolution
		{E968AD25-1FD6-46A8-81D0-6A825979FB8E}.Debug|Any CPU.ActiveCfg = Debug|Any CPU
		{E968AD25-1FD6-46A8-81D0-6A825979FB8E}.Debug|Any CPU.Build.0 = Debug|Any CPU
		{E968AD25-1FD6-46A8-81D0-6A825979FB8E}.Release|Any CPU.ActiveCfg = Release|Any CPU
		{E968AD25-1FD6-46A8-81D0-6A825979FB8E}.Release|Any CPU.Build.0 = Release|Any CPU
	EndGlobalSection
	GlobalSection(SolutionProperties) = preSolution
		HideSolutionNode = FALSE
	EndGlobalSection
	GlobalSection(ExtensibilityGlobals) = postSolution
		SolutionGuid = {1A7A1193-C8A0-4486-B5EF-7A7934E9176F}
	EndGlobalSection
EndGlobal
